// !$*UTF8*$!
{
	archiveVersion = 1;
	classes = {
	};
	objectVersion = 55;
	objects = {

/* Begin PBXBuildFile section */
		8B95593427439D3A00F834DB /* PostViewController.swift in Sources */ = {isa = PBXBuildFile; fileRef = 8B95593327439D3A00F834DB /* PostViewController.swift */; };
		8CB675D1273F55F900378473 /* AppDelegate.swift in Sources */ = {isa = PBXBuildFile; fileRef = 8CB675D0273F55F900378473 /* AppDelegate.swift */; };
		8CB675D3273F55F900378473 /* SceneDelegate.swift in Sources */ = {isa = PBXBuildFile; fileRef = 8CB675D2273F55F900378473 /* SceneDelegate.swift */; };
		8CB675D5273F55F900378473 /* ViewController.swift in Sources */ = {isa = PBXBuildFile; fileRef = 8CB675D4273F55F900378473 /* ViewController.swift */; };
		8CB675D8273F55F900378473 /* Main.storyboard in Resources */ = {isa = PBXBuildFile; fileRef = 8CB675D6273F55F900378473 /* Main.storyboard */; };
		8CB675DA273F55FB00378473 /* Assets.xcassets in Resources */ = {isa = PBXBuildFile; fileRef = 8CB675D9273F55FB00378473 /* Assets.xcassets */; };
		8CB675DD273F55FB00378473 /* LaunchScreen.storyboard in Resources */ = {isa = PBXBuildFile; fileRef = 8CB675DB273F55FB00378473 /* LaunchScreen.storyboard */; };
		8CB675E8273F590C00378473 /* SignInViewController.swift in Sources */ = {isa = PBXBuildFile; fileRef = 8CB675E7273F590C00378473 /* SignInViewController.swift */; };
		8CB675EA273F591800378473 /* SignUpViewController.swift in Sources */ = {isa = PBXBuildFile; fileRef = 8CB675E9273F591800378473 /* SignUpViewController.swift */; };
		8CB675ED273F5B2B00378473 /* AuthService.swift in Sources */ = {isa = PBXBuildFile; fileRef = 8CB675EC273F5B2B00378473 /* AuthService.swift */; };
		8CB675F0273F5E0200378473 /* SignUpModel.swift in Sources */ = {isa = PBXBuildFile; fileRef = 8CB675EF273F5E0200378473 /* SignUpModel.swift */; };
		8CB675F2273F6E4D00378473 /* ProfileViewController.swift in Sources */ = {isa = PBXBuildFile; fileRef = 8CB675F1273F6E4D00378473 /* ProfileViewController.swift */; };
		8CB675F6273F712100378473 /* MediaTableViewCell.swift in Sources */ = {isa = PBXBuildFile; fileRef = 8CB675F4273F712100378473 /* MediaTableViewCell.swift */; };
		8CB675F7273F712100378473 /* MediaTableViewCell.xib in Resources */ = {isa = PBXBuildFile; fileRef = 8CB675F5273F712100378473 /* MediaTableViewCell.xib */; };
		8CB675F9273F75BD00378473 /* PostService.swift in Sources */ = {isa = PBXBuildFile; fileRef = 8CB675F8273F75BD00378473 /* PostService.swift */; };
		8CB675FB273F77A100378473 /* PostModel.swift in Sources */ = {isa = PBXBuildFile; fileRef = 8CB675FA273F77A100378473 /* PostModel.swift */; };
		C227E29E79ADF7AE6E4B6419 /* Pods_media_demo_9th.framework in Frameworks */ = {isa = PBXBuildFile; fileRef = 75071F15683129B2E73FAA3C /* Pods_media_demo_9th.framework */; };
/* End PBXBuildFile section */

/* Begin PBXFileReference section */
		1B3CEE82D49910F30B179E41 /* Pods-media-demo-9th.debug.xcconfig */ = {isa = PBXFileReference; includeInIndex = 1; lastKnownFileType = text.xcconfig; name = "Pods-media-demo-9th.debug.xcconfig"; path = "Target Support Files/Pods-media-demo-9th/Pods-media-demo-9th.debug.xcconfig"; sourceTree = "<group>"; };
		61057F7C4DE37FB784AEB6A3 /* Pods-media-demo-9th.release.xcconfig */ = {isa = PBXFileReference; includeInIndex = 1; lastKnownFileType = text.xcconfig; name = "Pods-media-demo-9th.release.xcconfig"; path = "Target Support Files/Pods-media-demo-9th/Pods-media-demo-9th.release.xcconfig"; sourceTree = "<group>"; };
		75071F15683129B2E73FAA3C /* Pods_media_demo_9th.framework */ = {isa = PBXFileReference; explicitFileType = wrapper.framework; includeInIndex = 0; path = Pods_media_demo_9th.framework; sourceTree = BUILT_PRODUCTS_DIR; };
		8B95593327439D3A00F834DB /* PostViewController.swift */ = {isa = PBXFileReference; lastKnownFileType = sourcecode.swift; path = PostViewController.swift; sourceTree = "<group>"; };
		8CB675CD273F55F900378473 /* media-demo-9th.app */ = {isa = PBXFileReference; explicitFileType = wrapper.application; includeInIndex = 0; path = "media-demo-9th.app"; sourceTree = BUILT_PRODUCTS_DIR; };
		8CB675D0273F55F900378473 /* AppDelegate.swift */ = {isa = PBXFileReference; lastKnownFileType = sourcecode.swift; path = AppDelegate.swift; sourceTree = "<group>"; };
		8CB675D2273F55F900378473 /* SceneDelegate.swift */ = {isa = PBXFileReference; lastKnownFileType = sourcecode.swift; path = SceneDelegate.swift; sourceTree = "<group>"; };
		8CB675D4273F55F900378473 /* ViewController.swift */ = {isa = PBXFileReference; lastKnownFileType = sourcecode.swift; path = ViewController.swift; sourceTree = "<group>"; };
		8CB675D7273F55F900378473 /* Base */ = {isa = PBXFileReference; lastKnownFileType = file.storyboard; name = Base; path = Base.lproj/Main.storyboard; sourceTree = "<group>"; };
		8CB675D9273F55FB00378473 /* Assets.xcassets */ = {isa = PBXFileReference; lastKnownFileType = folder.assetcatalog; path = Assets.xcassets; sourceTree = "<group>"; };
		8CB675DC273F55FB00378473 /* Base */ = {isa = PBXFileReference; lastKnownFileType = file.storyboard; name = Base; path = Base.lproj/LaunchScreen.storyboard; sourceTree = "<group>"; };
		8CB675DE273F55FB00378473 /* Info.plist */ = {isa = PBXFileReference; lastKnownFileType = text.plist.xml; path = Info.plist; sourceTree = "<group>"; };
		8CB675E7273F590C00378473 /* SignInViewController.swift */ = {isa = PBXFileReference; lastKnownFileType = sourcecode.swift; path = SignInViewController.swift; sourceTree = "<group>"; };
		8CB675E9273F591800378473 /* SignUpViewController.swift */ = {isa = PBXFileReference; lastKnownFileType = sourcecode.swift; path = SignUpViewController.swift; sourceTree = "<group>"; };
		8CB675EC273F5B2B00378473 /* AuthService.swift */ = {isa = PBXFileReference; lastKnownFileType = sourcecode.swift; path = AuthService.swift; sourceTree = "<group>"; };
		8CB675EF273F5E0200378473 /* SignUpModel.swift */ = {isa = PBXFileReference; lastKnownFileType = sourcecode.swift; path = SignUpModel.swift; sourceTree = "<group>"; };
		8CB675F1273F6E4D00378473 /* ProfileViewController.swift */ = {isa = PBXFileReference; lastKnownFileType = sourcecode.swift; path = ProfileViewController.swift; sourceTree = "<group>"; };
		8CB675F4273F712100378473 /* MediaTableViewCell.swift */ = {isa = PBXFileReference; lastKnownFileType = sourcecode.swift; path = MediaTableViewCell.swift; sourceTree = "<group>"; };
		8CB675F5273F712100378473 /* MediaTableViewCell.xib */ = {isa = PBXFileReference; lastKnownFileType = file.xib; path = MediaTableViewCell.xib; sourceTree = "<group>"; };
		8CB675F8273F75BD00378473 /* PostService.swift */ = {isa = PBXFileReference; lastKnownFileType = sourcecode.swift; path = PostService.swift; sourceTree = "<group>"; };
		8CB675FA273F77A100378473 /* PostModel.swift */ = {isa = PBXFileReference; lastKnownFileType = sourcecode.swift; path = PostModel.swift; sourceTree = "<group>"; };
/* End PBXFileReference section */

/* Begin PBXFrameworksBuildPhase section */
		8CB675CA273F55F900378473 /* Frameworks */ = {
			isa = PBXFrameworksBuildPhase;
			buildActionMask = 2147483647;
			files = (
				C227E29E79ADF7AE6E4B6419 /* Pods_media_demo_9th.framework in Frameworks */,
			);
			runOnlyForDeploymentPostprocessing = 0;
		};
/* End PBXFrameworksBuildPhase section */

/* Begin PBXGroup section */
		8CB675C4273F55F900378473 = {
			isa = PBXGroup;
			children = (
				8CB675CF273F55F900378473 /* media-demo-9th */,
				8CB675CE273F55F900378473 /* Products */,
				948B243E16EA272BBD075EE5 /* Pods */,
				D7F8D6FE6D438EAFC0F08658 /* Frameworks */,
			);
			sourceTree = "<group>";
		};
		8CB675CE273F55F900378473 /* Products */ = {
			isa = PBXGroup;
			children = (
				8CB675CD273F55F900378473 /* media-demo-9th.app */,
			);
			name = Products;
			sourceTree = "<group>";
		};
		8CB675CF273F55F900378473 /* media-demo-9th */ = {
			isa = PBXGroup;
			children = (
				8CB675E4273F560C00378473 /* AppDelegate */,
				8CB675E5273F561400378473 /* Controller */,
				8CB675EB273F5B1900378473 /* Service */,
				8CB675EE273F5DDF00378473 /* Model */,
				8CB675E6273F562200378473 /* View */,
				8CB675D9273F55FB00378473 /* Assets.xcassets */,
				8CB675DE273F55FB00378473 /* Info.plist */,
			);
			path = "media-demo-9th";
			sourceTree = "<group>";
		};
		8CB675E4273F560C00378473 /* AppDelegate */ = {
			isa = PBXGroup;
			children = (
				8CB675D0273F55F900378473 /* AppDelegate.swift */,
				8CB675D2273F55F900378473 /* SceneDelegate.swift */,
			);
			path = AppDelegate;
			sourceTree = "<group>";
		};
		8CB675E5273F561400378473 /* Controller */ = {
			isa = PBXGroup;
			children = (
				8CB675D4273F55F900378473 /* ViewController.swift */,
				8CB675E7273F590C00378473 /* SignInViewController.swift */,
				8CB675E9273F591800378473 /* SignUpViewController.swift */,
				8CB675F1273F6E4D00378473 /* ProfileViewController.swift */,
				8B95593327439D3A00F834DB /* PostViewController.swift */,
			);
			path = Controller;
			sourceTree = "<group>";
		};
		8CB675E6273F562200378473 /* View */ = {
			isa = PBXGroup;
			children = (
				8CB675F3273F70FD00378473 /* Cell */,
				8CB675D6273F55F900378473 /* Main.storyboard */,
				8CB675DB273F55FB00378473 /* LaunchScreen.storyboard */,
			);
			path = View;
			sourceTree = "<group>";
		};
		8CB675EB273F5B1900378473 /* Service */ = {
			isa = PBXGroup;
			children = (
				8CB675EC273F5B2B00378473 /* AuthService.swift */,
				8CB675F8273F75BD00378473 /* PostService.swift */,
			);
			path = Service;
			sourceTree = "<group>";
		};
		8CB675EE273F5DDF00378473 /* Model */ = {
			isa = PBXGroup;
			children = (
				8CB675EF273F5E0200378473 /* SignUpModel.swift */,
				8CB675FA273F77A100378473 /* PostModel.swift */,
			);
			path = Model;
			sourceTree = "<group>";
		};
		8CB675F3273F70FD00378473 /* Cell */ = {
			isa = PBXGroup;
			children = (
				8CB675F4273F712100378473 /* MediaTableViewCell.swift */,
				8CB675F5273F712100378473 /* MediaTableViewCell.xib */,
			);
			path = Cell;
			sourceTree = "<group>";
		};
		948B243E16EA272BBD075EE5 /* Pods */ = {
			isa = PBXGroup;
			children = (
				1B3CEE82D49910F30B179E41 /* Pods-media-demo-9th.debug.xcconfig */,
				61057F7C4DE37FB784AEB6A3 /* Pods-media-demo-9th.release.xcconfig */,
			);
			path = Pods;
			sourceTree = "<group>";
		};
		D7F8D6FE6D438EAFC0F08658 /* Frameworks */ = {
			isa = PBXGroup;
			children = (
				75071F15683129B2E73FAA3C /* Pods_media_demo_9th.framework */,
			);
			name = Frameworks;
			sourceTree = "<group>";
		};
/* End PBXGroup section */

/* Begin PBXNativeTarget section */
		8CB675CC273F55F900378473 /* media-demo-9th */ = {
			isa = PBXNativeTarget;
			buildConfigurationList = 8CB675E1273F55FB00378473 /* Build configuration list for PBXNativeTarget "media-demo-9th" */;
			buildPhases = (
				494ABEBFF202A803B831E8C0 /* [CP] Check Pods Manifest.lock */,
				8CB675C9273F55F900378473 /* Sources */,
				8CB675CA273F55F900378473 /* Frameworks */,
				8CB675CB273F55F900378473 /* Resources */,
				103E626F0DE034BEBF41F3CB /* [CP] Embed Pods Frameworks */,
			);
			buildRules = (
			);
			dependencies = (
			);
			name = "media-demo-9th";
			productName = "media-demo-9th";
			productReference = 8CB675CD273F55F900378473 /* media-demo-9th.app */;
			productType = "com.apple.product-type.application";
		};
/* End PBXNativeTarget section */

/* Begin PBXProject section */
		8CB675C5273F55F900378473 /* Project object */ = {
			isa = PBXProject;
			attributes = {
				BuildIndependentTargetsInParallel = 1;
				LastSwiftUpdateCheck = 1310;
				LastUpgradeCheck = 1310;
				TargetAttributes = {
					8CB675CC273F55F900378473 = {
						CreatedOnToolsVersion = 13.1;
					};
				};
			};
			buildConfigurationList = 8CB675C8273F55F900378473 /* Build configuration list for PBXProject "media-demo-9th" */;
			compatibilityVersion = "Xcode 13.0";
			developmentRegion = en;
			hasScannedForEncodings = 0;
			knownRegions = (
				en,
				Base,
			);
			mainGroup = 8CB675C4273F55F900378473;
			productRefGroup = 8CB675CE273F55F900378473 /* Products */;
			projectDirPath = "";
			projectRoot = "";
			targets = (
				8CB675CC273F55F900378473 /* media-demo-9th */,
			);
		};
/* End PBXProject section */

/* Begin PBXResourcesBuildPhase section */
		8CB675CB273F55F900378473 /* Resources */ = {
			isa = PBXResourcesBuildPhase;
			buildActionMask = 2147483647;
			files = (
				8CB675DD273F55FB00378473 /* LaunchScreen.storyboard in Resources */,
				8CB675DA273F55FB00378473 /* Assets.xcassets in Resources */,
				8CB675F7273F712100378473 /* MediaTableViewCell.xib in Resources */,
				8CB675D8273F55F900378473 /* Main.storyboard in Resources */,
			);
			runOnlyForDeploymentPostprocessing = 0;
		};
/* End PBXResourcesBuildPhase section */

/* Begin PBXShellScriptBuildPhase section */
		103E626F0DE034BEBF41F3CB /* [CP] Embed Pods Frameworks */ = {
			isa = PBXShellScriptBuildPhase;
			buildActionMask = 2147483647;
			files = (
			);
			inputFileListPaths = (
				"${PODS_ROOT}/Target Support Files/Pods-media-demo-9th/Pods-media-demo-9th-frameworks-${CONFIGURATION}-input-files.xcfilelist",
			);
			name = "[CP] Embed Pods Frameworks";
			outputFileListPaths = (
				"${PODS_ROOT}/Target Support Files/Pods-media-demo-9th/Pods-media-demo-9th-frameworks-${CONFIGURATION}-output-files.xcfilelist",
			);
			runOnlyForDeploymentPostprocessing = 0;
			shellPath = /bin/sh;
			shellScript = "\"${PODS_ROOT}/Target Support Files/Pods-media-demo-9th/Pods-media-demo-9th-frameworks.sh\"\n";
			showEnvVarsInLog = 0;
		};
		494ABEBFF202A803B831E8C0 /* [CP] Check Pods Manifest.lock */ = {
			isa = PBXShellScriptBuildPhase;
			buildActionMask = 2147483647;
			files = (
			);
			inputFileListPaths = (
			);
			inputPaths = (
				"${PODS_PODFILE_DIR_PATH}/Podfile.lock",
				"${PODS_ROOT}/Manifest.lock",
			);
			name = "[CP] Check Pods Manifest.lock";
			outputFileListPaths = (
			);
			outputPaths = (
				"$(DERIVED_FILE_DIR)/Pods-media-demo-9th-checkManifestLockResult.txt",
			);
			runOnlyForDeploymentPostprocessing = 0;
			shellPath = /bin/sh;
			shellScript = "diff \"${PODS_PODFILE_DIR_PATH}/Podfile.lock\" \"${PODS_ROOT}/Manifest.lock\" > /dev/null\nif [ $? != 0 ] ; then\n    # print error to STDERR\n    echo \"error: The sandbox is not in sync with the Podfile.lock. Run 'pod install' or update your CocoaPods installation.\" >&2\n    exit 1\nfi\n# This output is used by Xcode 'outputs' to avoid re-running this script phase.\necho \"SUCCESS\" > \"${SCRIPT_OUTPUT_FILE_0}\"\n";
			showEnvVarsInLog = 0;
		};
/* End PBXShellScriptBuildPhase section */

/* Begin PBXSourcesBuildPhase section */
		8CB675C9273F55F900378473 /* Sources */ = {
			isa = PBXSourcesBuildPhase;
			buildActionMask = 2147483647;
			files = (
				8B95593427439D3A00F834DB /* PostViewController.swift in Sources */,
				8CB675E8273F590C00378473 /* SignInViewController.swift in Sources */,
				8CB675F0273F5E0200378473 /* SignUpModel.swift in Sources */,
				8CB675D5273F55F900378473 /* ViewController.swift in Sources */,
				8CB675D1273F55F900378473 /* AppDelegate.swift in Sources */,
				8CB675F6273F712100378473 /* MediaTableViewCell.swift in Sources */,
				8CB675F9273F75BD00378473 /* PostService.swift in Sources */,
				8CB675ED273F5B2B00378473 /* AuthService.swift in Sources */,
				8CB675D3273F55F900378473 /* SceneDelegate.swift in Sources */,
				8CB675F2273F6E4D00378473 /* ProfileViewController.swift in Sources */,
				8CB675EA273F591800378473 /* SignUpViewController.swift in Sources */,
				8CB675FB273F77A100378473 /* PostModel.swift in Sources */,
			);
			runOnlyForDeploymentPostprocessing = 0;
		};
/* End PBXSourcesBuildPhase section */

/* Begin PBXVariantGroup section */
		8CB675D6273F55F900378473 /* Main.storyboard */ = {
			isa = PBXVariantGroup;
			children = (
				8CB675D7273F55F900378473 /* Base */,
			);
			name = Main.storyboard;
			sourceTree = "<group>";
		};
		8CB675DB273F55FB00378473 /* LaunchScreen.storyboard */ = {
			isa = PBXVariantGroup;
			children = (
				8CB675DC273F55FB00378473 /* Base */,
			);
			name = LaunchScreen.storyboard;
			sourceTree = "<group>";
		};
/* End PBXVariantGroup section */

/* Begin XCBuildConfiguration section */
		8CB675DF273F55FB00378473 /* Debug */ = {
			isa = XCBuildConfiguration;
			buildSettings = {
				ALWAYS_SEARCH_USER_PATHS = NO;
				CLANG_ANALYZER_NONNULL = YES;
				CLANG_ANALYZER_NUMBER_OBJECT_CONVERSION = YES_AGGRESSIVE;
				CLANG_CXX_LANGUAGE_STANDARD = "gnu++17";
				CLANG_CXX_LIBRARY = "libc++";
				CLANG_ENABLE_MODULES = YES;
				CLANG_ENABLE_OBJC_ARC = YES;
				CLANG_ENABLE_OBJC_WEAK = YES;
				CLANG_WARN_BLOCK_CAPTURE_AUTORELEASING = YES;
				CLANG_WARN_BOOL_CONVERSION = YES;
				CLANG_WARN_COMMA = YES;
				CLANG_WARN_CONSTANT_CONVERSION = YES;
				CLANG_WARN_DEPRECATED_OBJC_IMPLEMENTATIONS = YES;
				CLANG_WARN_DIRECT_OBJC_ISA_USAGE = YES_ERROR;
				CLANG_WARN_DOCUMENTATION_COMMENTS = YES;
				CLANG_WARN_EMPTY_BODY = YES;
				CLANG_WARN_ENUM_CONVERSION = YES;
				CLANG_WARN_INFINITE_RECURSION = YES;
				CLANG_WARN_INT_CONVERSION = YES;
				CLANG_WARN_NON_LITERAL_NULL_CONVERSION = YES;
				CLANG_WARN_OBJC_IMPLICIT_RETAIN_SELF = YES;
				CLANG_WARN_OBJC_LITERAL_CONVERSION = YES;
				CLANG_WARN_OBJC_ROOT_CLASS = YES_ERROR;
				CLANG_WARN_QUOTED_INCLUDE_IN_FRAMEWORK_HEADER = YES;
				CLANG_WARN_RANGE_LOOP_ANALYSIS = YES;
				CLANG_WARN_STRICT_PROTOTYPES = YES;
				CLANG_WARN_SUSPICIOUS_MOVE = YES;
				CLANG_WARN_UNGUARDED_AVAILABILITY = YES_AGGRESSIVE;
				CLANG_WARN_UNREACHABLE_CODE = YES;
				CLANG_WARN__DUPLICATE_METHOD_MATCH = YES;
				COPY_PHASE_STRIP = NO;
				DEBUG_INFORMATION_FORMAT = dwarf;
				ENABLE_STRICT_OBJC_MSGSEND = YES;
				ENABLE_TESTABILITY = YES;
				GCC_C_LANGUAGE_STANDARD = gnu11;
				GCC_DYNAMIC_NO_PIC = NO;
				GCC_NO_COMMON_BLOCKS = YES;
				GCC_OPTIMIZATION_LEVEL = 0;
				GCC_PREPROCESSOR_DEFINITIONS = (
					"DEBUG=1",
					"$(inherited)",
				);
				GCC_WARN_64_TO_32_BIT_CONVERSION = YES;
				GCC_WARN_ABOUT_RETURN_TYPE = YES_ERROR;
				GCC_WARN_UNDECLARED_SELECTOR = YES;
				GCC_WARN_UNINITIALIZED_AUTOS = YES_AGGRESSIVE;
				GCC_WARN_UNUSED_FUNCTION = YES;
				GCC_WARN_UNUSED_VARIABLE = YES;
				IPHONEOS_DEPLOYMENT_TARGET = 15.0;
				MTL_ENABLE_DEBUG_INFO = INCLUDE_SOURCE;
				MTL_FAST_MATH = YES;
				ONLY_ACTIVE_ARCH = YES;
				SDKROOT = iphoneos;
				SWIFT_ACTIVE_COMPILATION_CONDITIONS = DEBUG;
				SWIFT_OPTIMIZATION_LEVEL = "-Onone";
			};
			name = Debug;
		};
		8CB675E0273F55FB00378473 /* Release */ = {
			isa = XCBuildConfiguration;
			buildSettings = {
				ALWAYS_SEARCH_USER_PATHS = NO;
				CLANG_ANALYZER_NONNULL = YES;
				CLANG_ANALYZER_NUMBER_OBJECT_CONVERSION = YES_AGGRESSIVE;
				CLANG_CXX_LANGUAGE_STANDARD = "gnu++17";
				CLANG_CXX_LIBRARY = "libc++";
				CLANG_ENABLE_MODULES = YES;
				CLANG_ENABLE_OBJC_ARC = YES;
				CLANG_ENABLE_OBJC_WEAK = YES;
				CLANG_WARN_BLOCK_CAPTURE_AUTORELEASING = YES;
				CLANG_WARN_BOOL_CONVERSION = YES;
				CLANG_WARN_COMMA = YES;
				CLANG_WARN_CONSTANT_CONVERSION = YES;
				CLANG_WARN_DEPRECATED_OBJC_IMPLEMENTATIONS = YES;
				CLANG_WARN_DIRECT_OBJC_ISA_USAGE = YES_ERROR;
				CLANG_WARN_DOCUMENTATION_COMMENTS = YES;
				CLANG_WARN_EMPTY_BODY = YES;
				CLANG_WARN_ENUM_CONVERSION = YES;
				CLANG_WARN_INFINITE_RECURSION = YES;
				CLANG_WARN_INT_CONVERSION = YES;
				CLANG_WARN_NON_LITERAL_NULL_CONVERSION = YES;
				CLANG_WARN_OBJC_IMPLICIT_RETAIN_SELF = YES;
				CLANG_WARN_OBJC_LITERAL_CONVERSION = YES;
				CLANG_WARN_OBJC_ROOT_CLASS = YES_ERROR;
				CLANG_WARN_QUOTED_INCLUDE_IN_FRAMEWORK_HEADER = YES;
				CLANG_WARN_RANGE_LOOP_ANALYSIS = YES;
				CLANG_WARN_STRICT_PROTOTYPES = YES;
				CLANG_WARN_SUSPICIOUS_MOVE = YES;
				CLANG_WARN_UNGUARDED_AVAILABILITY = YES_AGGRESSIVE;
				CLANG_WARN_UNREACHABLE_CODE = YES;
				CLANG_WARN__DUPLICATE_METHOD_MATCH = YES;
				COPY_PHASE_STRIP = NO;
				DEBUG_INFORMATION_FORMAT = "dwarf-with-dsym";
				ENABLE_NS_ASSERTIONS = NO;
				ENABLE_STRICT_OBJC_MSGSEND = YES;
				GCC_C_LANGUAGE_STANDARD = gnu11;
				GCC_NO_COMMON_BLOCKS = YES;
				GCC_WARN_64_TO_32_BIT_CONVERSION = YES;
				GCC_WARN_ABOUT_RETURN_TYPE = YES_ERROR;
				GCC_WARN_UNDECLARED_SELECTOR = YES;
				GCC_WARN_UNINITIALIZED_AUTOS = YES_AGGRESSIVE;
				GCC_WARN_UNUSED_FUNCTION = YES;
				GCC_WARN_UNUSED_VARIABLE = YES;
				IPHONEOS_DEPLOYMENT_TARGET = 15.0;
				MTL_ENABLE_DEBUG_INFO = NO;
				MTL_FAST_MATH = YES;
				SDKROOT = iphoneos;
				SWIFT_COMPILATION_MODE = wholemodule;
				SWIFT_OPTIMIZATION_LEVEL = "-O";
				VALIDATE_PRODUCT = YES;
			};
			name = Release;
		};
		8CB675E2273F55FB00378473 /* Debug */ = {
			isa = XCBuildConfiguration;
			baseConfigurationReference = 1B3CEE82D49910F30B179E41 /* Pods-media-demo-9th.debug.xcconfig */;
			buildSettings = {
				ASSETCATALOG_COMPILER_APPICON_NAME = AppIcon;
				ASSETCATALOG_COMPILER_GLOBAL_ACCENT_COLOR_NAME = AccentColor;
				CODE_SIGN_STYLE = Automatic;
				CURRENT_PROJECT_VERSION = 1;
				GENERATE_INFOPLIST_FILE = YES;
				INFOPLIST_FILE = "media-demo-9th/Info.plist";
				INFOPLIST_KEY_UIApplicationSupportsIndirectInputEvents = YES;
				INFOPLIST_KEY_UILaunchStoryboardName = LaunchScreen;
				INFOPLIST_KEY_UIMainStoryboardFile = Main;
				INFOPLIST_KEY_UISupportedInterfaceOrientations_iPad = "UIInterfaceOrientationPortrait UIInterfaceOrientationPortraitUpsideDown UIInterfaceOrientationLandscapeLeft UIInterfaceOrientationLandscapeRight";
				INFOPLIST_KEY_UISupportedInterfaceOrientations_iPhone = "UIInterfaceOrientationPortrait UIInterfaceOrientationLandscapeLeft UIInterfaceOrientationLandscapeRight";
				LD_RUNPATH_SEARCH_PATHS = (
					"$(inherited)",
					"@executable_path/Frameworks",
				);
				MARKETING_VERSION = 1.0;
				PRODUCT_BUNDLE_IDENTIFIER = "com.kshrd.media-demo-9th";
				PRODUCT_NAME = "$(TARGET_NAME)";
				SWIFT_EMIT_LOC_STRINGS = YES;
				SWIFT_VERSION = 5.0;
				TARGETED_DEVICE_FAMILY = "1,2";
			};
			name = Debug;
		};
		8CB675E3273F55FB00378473 /* Release */ = {
			isa = XCBuildConfiguration;
			baseConfigurationReference = 61057F7C4DE37FB784AEB6A3 /* Pods-media-demo-9th.release.xcconfig */;
			buildSettings = {
				ASSETCATALOG_COMPILER_APPICON_NAME = AppIcon;
				ASSETCATALOG_COMPILER_GLOBAL_ACCENT_COLOR_NAME = AccentColor;
				CODE_SIGN_STYLE = Automatic;
				CURRENT_PROJECT_VERSION = 1;
				GENERATE_INFOPLIST_FILE = YES;
				INFOPLIST_FILE = "media-demo-9th/Info.plist";
				INFOPLIST_KEY_UIApplicationSupportsIndirectInputEvents = YES;
				INFOPLIST_KEY_UILaunchStoryboardName = LaunchScreen;
				INFOPLIST_KEY_UIMainStoryboardFile = Main;
				INFOPLIST_KEY_UISupportedInterfaceOrientations_iPad = "UIInterfaceOrientationPortrait UIInterfaceOrientationPortraitUpsideDown UIInterfaceOrientationLandscapeLeft UIInterfaceOrientationLandscapeRight";
				INFOPLIST_KEY_UISupportedInterfaceOrientations_iPhone = "UIInterfaceOrientationPortrait UIInterfaceOrientationLandscapeLeft UIInterfaceOrientationLandscapeRight";
				LD_RUNPATH_SEARCH_PATHS = (
					"$(inherited)",
					"@executable_path/Frameworks",
				);
				MARKETING_VERSION = 1.0;
				PRODUCT_BUNDLE_IDENTIFIER = "com.kshrd.media-demo-9th";
				PRODUCT_NAME = "$(TARGET_NAME)";
				SWIFT_EMIT_LOC_STRINGS = YES;
				SWIFT_VERSION = 5.0;
				TARGETED_DEVICE_FAMILY = "1,2";
			};
			name = Release;
		};
/* End XCBuildConfiguration section */

/* Begin XCConfigurationList section */
		8CB675C8273F55F900378473 /* Build configuration list for PBXProject "media-demo-9th" */ = {
			isa = XCConfigurationList;
			buildConfigurations = (
				8CB675DF273F55FB00378473 /* Debug */,
				8CB675E0273F55FB00378473 /* Release */,
			);
			defaultConfigurationIsVisible = 0;
			defaultConfigurationName = Release;
		};
		8CB675E1273F55FB00378473 /* Build configuration list for PBXNativeTarget "media-demo-9th" */ = {
			isa = XCConfigurationList;
			buildConfigurations = (
				8CB675E2273F55FB00378473 /* Debug */,
				8CB675E3273F55FB00378473 /* Release */,
			);
			defaultConfigurationIsVisible = 0;
			defaultConfigurationName = Release;
		};
/* End XCConfigurationList section */
	};
	rootObject = 8CB675C5273F55F900378473 /* Project object */;
}
